{
    "name": "@lightyoruichi/datagovmy-mcp",
    "version": "0.2.0",
    "lockfileVersion": 3,
    "requires": true,
    "packages": {
        "": {
            "name": "@lightyoruichi/datagovmy-mcp",
            "version": "0.2.0",
            "license": "MIT",
            "dependencies": {
                "@lightyoruichi/datagovmy-mcp": "^0.2.0"
            },
            "bin": {
                "datagovmy-mcp": "cli.js"
            }
        },
        "node_modules/@lightyoruichi/datagovmy-mcp": {
            "version": "0.2.0",
            "resolved": "https://registry.npmjs.org/@lightyoruichi/datagovmy-mcp/-/datagovmy-mcp-0.2.0.tgz",
            "integrity": "sha512-8vPHqHAKDKMg80Ov4uaI024KH7h6ZaqVkBmZpbFSKes0LaiSPeOwR264foNbeJSJmwOK0hAc0Ek/8fJQxH7vlQ==",
            "license": "MIT",
            "bin": {
                "datagovmy-mcp": "cli.js"
            }
        }
    }
}
